{
  "name": "bakery-os",
  "version": "1.0.0",
  "lockfileVersion": 3,
  "requires": true,
  "packages": {
    "": {
      "name": "bakery-os",
      "version": "1.0.0",
      "license": "MIT",
      "dependencies": {
        "sass-migrator": "^2.5.7"
      }
    },
    "node_modules/sass-migrator": {
      "version": "2.5.7",
      "resolved": "https://registry.npmjs.org/sass-migrator/-/sass-migrator-2.5.7.tgz",
      "integrity": "sha512-BDAr+LHFb4+0NEdc4/h6Gcyz79YgecHAc1lv7Pqibyj/tT+kK5vZFEmevbZj1Or5JkAsPUsAO7Awm8xFQZNy+Q==",
      "license": "MIT",
      "bin": {
        "sass-migrator": "sass-migrator.js"
      },
      "engines": {
        "node": ">=10.12.0"
      }
    }
  }
}
